// !$*UTF8*$!
{
	archiveVersion = 1;
	classes = {
	};
	objectVersion = 46;
	objects = {

/* Begin PBXBuildFile section */
		CF6D879A1F29CF2100721BE5 /* RuntimeExample.m in Sources */ = {isa = PBXBuildFile; fileRef = CF6D87991F29CF2100721BE5 /* RuntimeExample.m */; };
		CFC3D64A1F26E2FC007B4BD7 /* main.m in Sources */ = {isa = PBXBuildFile; fileRef = CFC3D6491F26E2FC007B4BD7 /* main.m */; };
		CFC3D64D1F26E2FC007B4BD7 /* AppDelegate.m in Sources */ = {isa = PBXBuildFile; fileRef = CFC3D64C1F26E2FC007B4BD7 /* AppDelegate.m */; };
		CFC3D6501F26E2FC007B4BD7 /* ViewController.m in Sources */ = {isa = PBXBuildFile; fileRef = CFC3D64F1F26E2FC007B4BD7 /* ViewController.m */; };
		CFC3D6531F26E2FC007B4BD7 /* Main.storyboard in Resources */ = {isa = PBXBuildFile; fileRef = CFC3D6511F26E2FC007B4BD7 /* Main.storyboard */; };
		CFC3D6551F26E2FC007B4BD7 /* Assets.xcassets in Resources */ = {isa = PBXBuildFile; fileRef = CFC3D6541F26E2FC007B4BD7 /* Assets.xcassets */; };
		CFC3D6581F26E2FC007B4BD7 /* LaunchScreen.storyboard in Resources */ = {isa = PBXBuildFile; fileRef = CFC3D6561F26E2FC007B4BD7 /* LaunchScreen.storyboard */; };
		CFC3D6631F26E2FD007B4BD7 /* RunTimeDemoTests.m in Sources */ = {isa = PBXBuildFile; fileRef = CFC3D6621F26E2FD007B4BD7 /* RunTimeDemoTests.m */; };
		CFC3D66E1F26E2FD007B4BD7 /* RunTimeDemoUITests.m in Sources */ = {isa = PBXBuildFile; fileRef = CFC3D66D1F26E2FD007B4BD7 /* RunTimeDemoUITests.m */; };
		CFC3D67D1F26E374007B4BD7 /* TestRunObj.m in Sources */ = {isa = PBXBuildFile; fileRef = CFC3D67C1F26E374007B4BD7 /* TestRunObj.m */; };
		CFD272DE1F29D60200940AF8 /* main.m in Sources */ = {isa = PBXBuildFile; fileRef = CFD272DD1F29D60200940AF8 /* main.m */; };
		CFD272E21F29D64700940AF8 /* TestRunObj.m in Sources */ = {isa = PBXBuildFile; fileRef = CFC3D67C1F26E374007B4BD7 /* TestRunObj.m */; };
		CFD272E31F29D64B00940AF8 /* RuntimeExample.m in Sources */ = {isa = PBXBuildFile; fileRef = CF6D87991F29CF2100721BE5 /* RuntimeExample.m */; };
/* End PBXBuildFile section */

/* Begin PBXContainerItemProxy section */
		CFC3D65F1F26E2FD007B4BD7 /* PBXContainerItemProxy */ = {
			isa = PBXContainerItemProxy;
			containerPortal = CFC3D63D1F26E2FC007B4BD7 /* Project object */;
			proxyType = 1;
			remoteGlobalIDString = CFC3D6441F26E2FC007B4BD7;
			remoteInfo = RunTimeDemo;
		};
		CFC3D66A1F26E2FD007B4BD7 /* PBXContainerItemProxy */ = {
			isa = PBXContainerItemProxy;
			containerPortal = CFC3D63D1F26E2FC007B4BD7 /* Project object */;
			proxyType = 1;
			remoteGlobalIDString = CFC3D6441F26E2FC007B4BD7;
			remoteInfo = RunTimeDemo;
		};
/* End PBXContainerItemProxy section */

/* Begin PBXCopyFilesBuildPhase section */
		CFD272D91F29D60200940AF8 /* CopyFiles */ = {
			isa = PBXCopyFilesBuildPhase;
			buildActionMask = 2147483647;
			dstPath = /usr/share/man/man1/;
			dstSubfolderSpec = 0;
			files = (
			);
			runOnlyForDeploymentPostprocessing = 1;
		};
/* End PBXCopyFilesBuildPhase section */

/* Begin PBXFileReference section */
		CF6D87981F29CF2100721BE5 /* RuntimeExample.h */ = {isa = PBXFileReference; fileEncoding = 4; lastKnownFileType = sourcecode.c.h; path = RuntimeExample.h; sourceTree = "<group>"; };
		CF6D87991F29CF2100721BE5 /* RuntimeExample.m */ = {isa = PBXFileReference; fileEncoding = 4; lastKnownFileType = sourcecode.c.objc; path = RuntimeExample.m; sourceTree = "<group>"; };
		CFC3D6451F26E2FC007B4BD7 /* RunTimeDemo.app */ = {isa = PBXFileReference; explicitFileType = wrapper.application; includeInIndex = 0; path = RunTimeDemo.app; sourceTree = BUILT_PRODUCTS_DIR; };
		CFC3D6491F26E2FC007B4BD7 /* main.m */ = {isa = PBXFileReference; lastKnownFileType = sourcecode.c.objc; path = main.m; sourceTree = "<group>"; };
		CFC3D64B1F26E2FC007B4BD7 /* AppDelegate.h */ = {isa = PBXFileReference; lastKnownFileType = sourcecode.c.h; path = AppDelegate.h; sourceTree = "<group>"; };
		CFC3D64C1F26E2FC007B4BD7 /* AppDelegate.m */ = {isa = PBXFileReference; lastKnownFileType = sourcecode.c.objc; path = AppDelegate.m; sourceTree = "<group>"; };
		CFC3D64E1F26E2FC007B4BD7 /* ViewController.h */ = {isa = PBXFileReference; lastKnownFileType = sourcecode.c.h; path = ViewController.h; sourceTree = "<group>"; };
		CFC3D64F1F26E2FC007B4BD7 /* ViewController.m */ = {isa = PBXFileReference; lastKnownFileType = sourcecode.c.objc; path = ViewController.m; sourceTree = "<group>"; };
		CFC3D6521F26E2FC007B4BD7 /* Base */ = {isa = PBXFileReference; lastKnownFileType = file.storyboard; name = Base; path = Base.lproj/Main.storyboard; sourceTree = "<group>"; };
		CFC3D6541F26E2FC007B4BD7 /* Assets.xcassets */ = {isa = PBXFileReference; lastKnownFileType = folder.assetcatalog; path = Assets.xcassets; sourceTree = "<group>"; };
		CFC3D6571F26E2FC007B4BD7 /* Base */ = {isa = PBXFileReference; lastKnownFileType = file.storyboard; name = Base; path = Base.lproj/LaunchScreen.storyboard; sourceTree = "<group>"; };
		CFC3D6591F26E2FC007B4BD7 /* Info.plist */ = {isa = PBXFileReference; lastKnownFileType = text.plist.xml; path = Info.plist; sourceTree = "<group>"; };
		CFC3D65E1F26E2FD007B4BD7 /* RunTimeDemoTests.xctest */ = {isa = PBXFileReference; explicitFileType = wrapper.cfbundle; includeInIndex = 0; path = RunTimeDemoTests.xctest; sourceTree = BUILT_PRODUCTS_DIR; };
		CFC3D6621F26E2FD007B4BD7 /* RunTimeDemoTests.m */ = {isa = PBXFileReference; lastKnownFileType = sourcecode.c.objc; path = RunTimeDemoTests.m; sourceTree = "<group>"; };
		CFC3D6641F26E2FD007B4BD7 /* Info.plist */ = {isa = PBXFileReference; lastKnownFileType = text.plist.xml; path = Info.plist; sourceTree = "<group>"; };
		CFC3D6691F26E2FD007B4BD7 /* RunTimeDemoUITests.xctest */ = {isa = PBXFileReference; explicitFileType = wrapper.cfbundle; includeInIndex = 0; path = RunTimeDemoUITests.xctest; sourceTree = BUILT_PRODUCTS_DIR; };
		CFC3D66D1F26E2FD007B4BD7 /* RunTimeDemoUITests.m */ = {isa = PBXFileReference; lastKnownFileType = sourcecode.c.objc; path = RunTimeDemoUITests.m; sourceTree = "<group>"; };
		CFC3D66F1F26E2FD007B4BD7 /* Info.plist */ = {isa = PBXFileReference; lastKnownFileType = text.plist.xml; path = Info.plist; sourceTree = "<group>"; };
		CFC3D67B1F26E374007B4BD7 /* TestRunObj.h */ = {isa = PBXFileReference; fileEncoding = 4; lastKnownFileType = sourcecode.c.h; path = TestRunObj.h; sourceTree = "<group>"; };
		CFC3D67C1F26E374007B4BD7 /* TestRunObj.m */ = {isa = PBXFileReference; fileEncoding = 4; lastKnownFileType = sourcecode.c.objc; path = TestRunObj.m; sourceTree = "<group>"; };
		CFD272DB1F29D60200940AF8 /* SimpleRunTimeTest */ = {isa = PBXFileReference; explicitFileType = "compiled.mach-o.executable"; includeInIndex = 0; path = SimpleRunTimeTest; sourceTree = BUILT_PRODUCTS_DIR; };
		CFD272DD1F29D60200940AF8 /* main.m */ = {isa = PBXFileReference; lastKnownFileType = sourcecode.c.objc; path = main.m; sourceTree = "<group>"; };
/* End PBXFileReference section */

/* Begin PBXFrameworksBuildPhase section */
		CFC3D6421F26E2FC007B4BD7 /* Frameworks */ = {
			isa = PBXFrameworksBuildPhase;
			buildActionMask = 2147483647;
			files = (
			);
			runOnlyForDeploymentPostprocessing = 0;
		};
		CFC3D65B1F26E2FD007B4BD7 /* Frameworks */ = {
			isa = PBXFrameworksBuildPhase;
			buildActionMask = 2147483647;
			files = (
			);
			runOnlyForDeploymentPostprocessing = 0;
		};
		CFC3D6661F26E2FD007B4BD7 /* Frameworks */ = {
			isa = PBXFrameworksBuildPhase;
			buildActionMask = 2147483647;
			files = (
			);
			runOnlyForDeploymentPostprocessing = 0;
		};
		CFD272D81F29D60200940AF8 /* Frameworks */ = {
			isa = PBXFrameworksBuildPhase;
			buildActionMask = 2147483647;
			files = (
			);
			runOnlyForDeploymentPostprocessing = 0;
		};
/* End PBXFrameworksBuildPhase section */

/* Begin PBXGroup section */
		CFC3D63C1F26E2FC007B4BD7 = {
			isa = PBXGroup;
			children = (
				CFC3D6471F26E2FC007B4BD7 /* RunTimeDemo */,
				CFC3D6611F26E2FD007B4BD7 /* RunTimeDemoTests */,
				CFC3D66C1F26E2FD007B4BD7 /* RunTimeDemoUITests */,
				CFD272DC1F29D60200940AF8 /* SimpleRunTimeTest */,
				CFC3D6461F26E2FC007B4BD7 /* Products */,
			);
			sourceTree = "<group>";
		};
		CFC3D6461F26E2FC007B4BD7 /* Products */ = {
			isa = PBXGroup;
			children = (
				CFC3D6451F26E2FC007B4BD7 /* RunTimeDemo.app */,
				CFC3D65E1F26E2FD007B4BD7 /* RunTimeDemoTests.xctest */,
				CFC3D6691F26E2FD007B4BD7 /* RunTimeDemoUITests.xctest */,
				CFD272DB1F29D60200940AF8 /* SimpleRunTimeTest */,
			);
			name = Products;
			sourceTree = "<group>";
		};
		CFC3D6471F26E2FC007B4BD7 /* RunTimeDemo */ = {
			isa = PBXGroup;
			children = (
				CFC3D67B1F26E374007B4BD7 /* TestRunObj.h */,
				CFC3D67C1F26E374007B4BD7 /* TestRunObj.m */,
				CF6D87981F29CF2100721BE5 /* RuntimeExample.h */,
				CF6D87991F29CF2100721BE5 /* RuntimeExample.m */,
				CFC3D64B1F26E2FC007B4BD7 /* AppDelegate.h */,
				CFC3D64C1F26E2FC007B4BD7 /* AppDelegate.m */,
				CFC3D64E1F26E2FC007B4BD7 /* ViewController.h */,
				CFC3D64F1F26E2FC007B4BD7 /* ViewController.m */,
				CFC3D6511F26E2FC007B4BD7 /* Main.storyboard */,
				CFC3D6541F26E2FC007B4BD7 /* Assets.xcassets */,
				CFC3D6561F26E2FC007B4BD7 /* LaunchScreen.storyboard */,
				CFC3D6591F26E2FC007B4BD7 /* Info.plist */,
				CFC3D6481F26E2FC007B4BD7 /* Supporting Files */,
			);
			path = RunTimeDemo;
			sourceTree = "<group>";
		};
		CFC3D6481F26E2FC007B4BD7 /* Supporting Files */ = {
			isa = PBXGroup;
			children = (
				CFC3D6491F26E2FC007B4BD7 /* main.m */,
			);
			name = "Supporting Files";
			sourceTree = "<group>";
		};
		CFC3D6611F26E2FD007B4BD7 /* RunTimeDemoTests */ = {
			isa = PBXGroup;
			children = (
				CFC3D6621F26E2FD007B4BD7 /* RunTimeDemoTests.m */,
				CFC3D6641F26E2FD007B4BD7 /* Info.plist */,
			);
			path = RunTimeDemoTests;
			sourceTree = "<group>";
		};
		CFC3D66C1F26E2FD007B4BD7 /* RunTimeDemoUITests */ = {
			isa = PBXGroup;
			children = (
				CFC3D66D1F26E2FD007B4BD7 /* RunTimeDemoUITests.m */,
				CFC3D66F1F26E2FD007B4BD7 /* Info.plist */,
			);
			path = RunTimeDemoUITests;
			sourceTree = "<group>";
		};
		CFD272DC1F29D60200940AF8 /* SimpleRunTimeTest */ = {
			isa = PBXGroup;
			children = (
				CFD272DD1F29D60200940AF8 /* main.m */,
			);
			path = SimpleRunTimeTest;
			sourceTree = "<group>";
		};
/* End PBXGroup section */

/* Begin PBXNativeTarget section */
		CFC3D6441F26E2FC007B4BD7 /* RunTimeDemo */ = {
			isa = PBXNativeTarget;
			buildConfigurationList = CFC3D6721F26E2FD007B4BD7 /* Build configuration list for PBXNativeTarget "RunTimeDemo" */;
			buildPhases = (
				CFC3D6411F26E2FC007B4BD7 /* Sources */,
				CFC3D6421F26E2FC007B4BD7 /* Frameworks */,
				CFC3D6431F26E2FC007B4BD7 /* Resources */,
			);
			buildRules = (
			);
			dependencies = (
			);
			name = RunTimeDemo;
			productName = RunTimeDemo;
			productReference = CFC3D6451F26E2FC007B4BD7 /* RunTimeDemo.app */;
			productType = "com.apple.product-type.application";
		};
		CFC3D65D1F26E2FD007B4BD7 /* RunTimeDemoTests */ = {
			isa = PBXNativeTarget;
			buildConfigurationList = CFC3D6751F26E2FD007B4BD7 /* Build configuration list for PBXNativeTarget "RunTimeDemoTests" */;
			buildPhases = (
				CFC3D65A1F26E2FD007B4BD7 /* Sources */,
				CFC3D65B1F26E2FD007B4BD7 /* Frameworks */,
				CFC3D65C1F26E2FD007B4BD7 /* Resources */,
			);
			buildRules = (
			);
			dependencies = (
				CFC3D6601F26E2FD007B4BD7 /* PBXTargetDependency */,
			);
			name = RunTimeDemoTests;
			productName = RunTimeDemoTests;
			productReference = CFC3D65E1F26E2FD007B4BD7 /* RunTimeDemoTests.xctest */;
			productType = "com.apple.product-type.bundle.unit-test";
		};
		CFC3D6681F26E2FD007B4BD7 /* RunTimeDemoUITests */ = {
			isa = PBXNativeTarget;
			buildConfigurationList = CFC3D6781F26E2FD007B4BD7 /* Build configuration list for PBXNativeTarget "RunTimeDemoUITests" */;
			buildPhases = (
				CFC3D6651F26E2FD007B4BD7 /* Sources */,
				CFC3D6661F26E2FD007B4BD7 /* Frameworks */,
				CFC3D6671F26E2FD007B4BD7 /* Resources */,
			);
			buildRules = (
			);
			dependencies = (
				CFC3D66B1F26E2FD007B4BD7 /* PBXTargetDependency */,
			);
			name = RunTimeDemoUITests;
			productName = RunTimeDemoUITests;
			productReference = CFC3D6691F26E2FD007B4BD7 /* RunTimeDemoUITests.xctest */;
			productType = "com.apple.product-type.bundle.ui-testing";
		};
		CFD272DA1F29D60200940AF8 /* SimpleRunTimeTest */ = {
			isa = PBXNativeTarget;
			buildConfigurationList = CFD272E11F29D60200940AF8 /* Build configuration list for PBXNativeTarget "SimpleRunTimeTest" */;
			buildPhases = (
				CFD272D71F29D60200940AF8 /* Sources */,
				CFD272D81F29D60200940AF8 /* Frameworks */,
				CFD272D91F29D60200940AF8 /* CopyFiles */,
			);
			buildRules = (
			);
			dependencies = (
			);
			name = SimpleRunTimeTest;
			productName = SimpleRunTimeTest;
			productReference = CFD272DB1F29D60200940AF8 /* SimpleRunTimeTest */;
			productType = "com.apple.product-type.tool";
		};
/* End PBXNativeTarget section */

/* Begin PBXProject section */
		CFC3D63D1F26E2FC007B4BD7 /* Project object */ = {
			isa = PBXProject;
			attributes = {
				LastUpgradeCheck = 0830;
				ORGANIZATIONNAME = gewara;
				TargetAttributes = {
					CFC3D6441F26E2FC007B4BD7 = {
						CreatedOnToolsVersion = 8.3.2;
						ProvisioningStyle = Automatic;
					};
					CFC3D65D1F26E2FD007B4BD7 = {
						CreatedOnToolsVersion = 8.3.2;
						ProvisioningStyle = Automatic;
						TestTargetID = CFC3D6441F26E2FC007B4BD7;
					};
					CFC3D6681F26E2FD007B4BD7 = {
						CreatedOnToolsVersion = 8.3.2;
						ProvisioningStyle = Automatic;
						TestTargetID = CFC3D6441F26E2FC007B4BD7;
					};
					CFD272DA1F29D60200940AF8 = {
						CreatedOnToolsVersion = 8.3.2;
						ProvisioningStyle = Automatic;
					};
				};
			};
			buildConfigurationList = CFC3D6401F26E2FC007B4BD7 /* Build configuration list for PBXProject "RunTimeDemo" */;
			compatibilityVersion = "Xcode 3.2";
			developmentRegion = English;
			hasScannedForEncodings = 0;
			knownRegions = (
				en,
				Base,
			);
			mainGroup = CFC3D63C1F26E2FC007B4BD7;
			productRefGroup = CFC3D6461F26E2FC007B4BD7 /* Products */;
			projectDirPath = "";
			projectRoot = "";
			targets = (
				CFC3D6441F26E2FC007B4BD7 /* RunTimeDemo */,
				CFC3D65D1F26E2FD007B4BD7 /* RunTimeDemoTests */,
				CFC3D6681F26E2FD007B4BD7 /* RunTimeDemoUITests */,
				CFD272DA1F29D60200940AF8 /* SimpleRunTimeTest */,
			);
		};
/* End PBXProject section */

/* Begin PBXResourcesBuildPhase section */
		CFC3D6431F26E2FC007B4BD7 /* Resources */ = {
			isa = PBXResourcesBuildPhase;
			buildActionMask = 2147483647;
			files = (
				CFC3D6581F26E2FC007B4BD7 /* LaunchScreen.storyboard in Resources */,
				CFC3D6551F26E2FC007B4BD7 /* Assets.xcassets in Resources */,
				CFC3D6531F26E2FC007B4BD7 /* Main.storyboard in Resources */,
			);
			runOnlyForDeploymentPostprocessing = 0;
		};
		CFC3D65C1F26E2FD007B4BD7 /* Resources */ = {
			isa = PBXResourcesBuildPhase;
			buildActionMask = 2147483647;
			files = (
			);
			runOnlyForDeploymentPostprocessing = 0;
		};
		CFC3D6671F26E2FD007B4BD7 /* Resources */ = {
			isa = PBXResourcesBuildPhase;
			buildActionMask = 2147483647;
			files = (
			);
			runOnlyForDeploymentPostprocessing = 0;
		};
/* End PBXResourcesBuildPhase section */

/* Begin PBXSourcesBuildPhase section */
		CFC3D6411F26E2FC007B4BD7 /* Sources */ = {
			isa = PBXSourcesBuildPhase;
			buildActionMask = 2147483647;
			files = (
				CFC3D6501F26E2FC007B4BD7 /* ViewController.m in Sources */,
				CFC3D64D1F26E2FC007B4BD7 /* AppDelegate.m in Sources */,
				CFC3D64A1F26E2FC007B4BD7 /* main.m in Sources */,
				CF6D879A1F29CF2100721BE5 /* RuntimeExample.m in Sources */,
				CFC3D67D1F26E374007B4BD7 /* TestRunObj.m in Sources */,
			);
			runOnlyForDeploymentPostprocessing = 0;
		};
		CFC3D65A1F26E2FD007B4BD7 /* Sources */ = {
			isa = PBXSourcesBuildPhase;
			buildActionMask = 2147483647;
			files = (
				CFC3D6631F26E2FD007B4BD7 /* RunTimeDemoTests.m in Sources */,
			);
			runOnlyForDeploymentPostprocessing = 0;
		};
		CFC3D6651F26E2FD007B4BD7 /* Sources */ = {
			isa = PBXSourcesBuildPhase;
			buildActionMask = 2147483647;
			files = (
				CFC3D66E1F26E2FD007B4BD7 /* RunTimeDemoUITests.m in Sources */,
			);
			runOnlyForDeploymentPostprocessing = 0;
		};
		CFD272D71F29D60200940AF8 /* Sources */ = {
			isa = PBXSourcesBuildPhase;
			buildActionMask = 2147483647;
			files = (
				CFD272E31F29D64B00940AF8 /* RuntimeExample.m in Sources */,
				CFD272E21F29D64700940AF8 /* TestRunObj.m in Sources */,
				CFD272DE1F29D60200940AF8 /* main.m in Sources */,
			);
			runOnlyForDeploymentPostprocessing = 0;
		};
/* End PBXSourcesBuildPhase section */

/* Begin PBXTargetDependency section */
		CFC3D6601F26E2FD007B4BD7 /* PBXTargetDependency */ = {
			isa = PBXTargetDependency;
			target = CFC3D6441F26E2FC007B4BD7 /* RunTimeDemo */;
			targetProxy = CFC3D65F1F26E2FD007B4BD7 /* PBXContainerItemProxy */;
		};
		CFC3D66B1F26E2FD007B4BD7 /* PBXTargetDependency */ = {
			isa = PBXTargetDependency;
			target = CFC3D6441F26E2FC007B4BD7 /* RunTimeDemo */;
			targetProxy = CFC3D66A1F26E2FD007B4BD7 /* PBXContainerItemProxy */;
		};
/* End PBXTargetDependency section */

/* Begin PBXVariantGroup section */
		CFC3D6511F26E2FC007B4BD7 /* Main.storyboard */ = {
			isa = PBXVariantGroup;
			children = (
				CFC3D6521F26E2FC007B4BD7 /* Base */,
			);
			name = Main.storyboard;
			sourceTree = "<group>";
		};
		CFC3D6561F26E2FC007B4BD7 /* LaunchScreen.storyboard */ = {
			isa = PBXVariantGroup;
			children = (
				CFC3D6571F26E2FC007B4BD7 /* Base */,
			);
			name = LaunchScreen.storyboard;
			sourceTree = "<group>";
		};
/* End PBXVariantGroup section */

/* Begin XCBuildConfiguration section */
		CFC3D6701F26E2FD007B4BD7 /* Debug */ = {
			isa = XCBuildConfiguration;
			buildSettings = {
				ALWAYS_SEARCH_USER_PATHS = NO;
				CLANG_ANALYZER_NONNULL = YES;
				CLANG_ANALYZER_NUMBER_OBJECT_CONVERSION = YES_AGGRESSIVE;
				CLANG_CXX_LANGUAGE_STANDARD = "gnu++0x";
				CLANG_CXX_LIBRARY = "libc++";
				CLANG_ENABLE_MODULES = YES;
				CLANG_ENABLE_OBJC_ARC = YES;
				CLANG_WARN_BOOL_CONVERSION = YES;
				CLANG_WARN_CONSTANT_CONVERSION = YES;
				CLANG_WARN_DIRECT_OBJC_ISA_USAGE = YES_ERROR;
				CLANG_WARN_DOCUMENTATION_COMMENTS = YES;
				CLANG_WARN_EMPTY_BODY = YES;
				CLANG_WARN_ENUM_CONVERSION = YES;
				CLANG_WARN_INFINITE_RECURSION = YES;
				CLANG_WARN_INT_CONVERSION = YES;
				CLANG_WARN_OBJC_ROOT_CLASS = YES_ERROR;
				CLANG_WARN_SUSPICIOUS_MOVE = YES;
				CLANG_WARN_UNREACHABLE_CODE = YES;
				CLANG_WARN__DUPLICATE_METHOD_MATCH = YES;
				"CODE_SIGN_IDENTITY[sdk=iphoneos*]" = "iPhone Developer";
				COPY_PHASE_STRIP = NO;
				DEBUG_INFORMATION_FORMAT = dwarf;
				ENABLE_STRICT_OBJC_MSGSEND = YES;
				ENABLE_TESTABILITY = YES;
				GCC_C_LANGUAGE_STANDARD = gnu99;
				GCC_DYNAMIC_NO_PIC = NO;
				GCC_NO_COMMON_BLOCKS = YES;
				GCC_OPTIMIZATION_LEVEL = 0;
				GCC_PREPROCESSOR_DEFINITIONS = (
					"DEBUG=1",
					"$(inherited)",
				);
				GCC_WARN_64_TO_32_BIT_CONVERSION = YES;
				GCC_WARN_ABOUT_RETURN_TYPE = YES_ERROR;
				GCC_WARN_UNDECLARED_SELECTOR = YES;
				GCC_WARN_UNINITIALIZED_AUTOS = YES_AGGRESSIVE;
				GCC_WARN_UNUSED_FUNCTION = YES;
				GCC_WARN_UNUSED_VARIABLE = YES;
				IPHONEOS_DEPLOYMENT_TARGET = 10.3;
				MTL_ENABLE_DEBUG_INFO = YES;
				ONLY_ACTIVE_ARCH = YES;
				SDKROOT = iphoneos;
				TARGETED_DEVICE_FAMILY = "1,2";
			};
			name = Debug;
		};
		CFC3D6711F26E2FD007B4BD7 /* Release */ = {
			isa = XCBuildConfiguration;
			buildSettings = {
				ALWAYS_SEARCH_USER_PATHS = NO;
				CLANG_ANALYZER_NONNULL = YES;
				CLANG_ANALYZER_NUMBER_OBJECT_CONVERSION = YES_AGGRESSIVE;
				CLANG_CXX_LANGUAGE_STANDARD = "gnu++0x";
				CLANG_CXX_LIBRARY = "libc++";
				CLANG_ENABLE_MODULES = YES;
				CLANG_ENABLE_OBJC_ARC = YES;
				CLANG_WARN_BOOL_CONVERSION = YES;
				CLANG_WARN_CONSTANT_CONVERSION = YES;
				CLANG_WARN_DIRECT_OBJC_ISA_USAGE = YES_ERROR;
				CLANG_WARN_DOCUMENTATION_COMMENTS = YES;
				CLANG_WARN_EMPTY_BODY = YES;
				CLANG_WARN_ENUM_CONVERSION = YES;
				CLANG_WARN_INFINITE_RECURSION = YES;
				CLANG_WARN_INT_CONVERSION = YES;
				CLANG_WARN_OBJC_ROOT_CLASS = YES_ERROR;
				CLANG_WARN_SUSPICIOUS_MOVE = YES;
				CLANG_WARN_UNREACHABLE_CODE = YES;
				CLANG_WARN__DUPLICATE_METHOD_MATCH = YES;
				"CODE_SIGN_IDENTITY[sdk=iphoneos*]" = "iPhone Developer";
				COPY_PHASE_STRIP = NO;
				DEBUG_INFORMATION_FORMAT = "dwarf-with-dsym";
				ENABLE_NS_ASSERTIONS = NO;
				ENABLE_STRICT_OBJC_MSGSEND = YES;
				GCC_C_LANGUAGE_STANDARD = gnu99;
				GCC_NO_COMMON_BLOCKS = YES;
				GCC_WARN_64_TO_32_BIT_CONVERSION = YES;
				GCC_WARN_ABOUT_RETURN_TYPE = YES_ERROR;
				GCC_WARN_UNDECLARED_SELECTOR = YES;
				GCC_WARN_UNINITIALIZED_AUTOS = YES_AGGRESSIVE;
				GCC_WARN_UNUSED_FUNCTION = YES;
				GCC_WARN_UNUSED_VARIABLE = YES;
				IPHONEOS_DEPLOYMENT_TARGET = 10.3;
				MTL_ENABLE_DEBUG_INFO = NO;
				SDKROOT = iphoneos;
				TARGETED_DEVICE_FAMILY = "1,2";
				VALIDATE_PRODUCT = YES;
			};
			name = Release;
		};
		CFC3D6731F26E2FD007B4BD7 /* Debug */ = {
			isa = XCBuildConfiguration;
			buildSettings = {
				ASSETCATALOG_COMPILER_APPICON_NAME = AppIcon;
				INFOPLIST_FILE = RunTimeDemo/Info.plist;
				LD_RUNPATH_SEARCH_PATHS = "$(inherited) @executable_path/Frameworks";
				PRODUCT_BUNDLE_IDENTIFIER = com.dream.RunTimeDemo;
				PRODUCT_NAME = "$(TARGET_NAME)";
			};
			name = Debug;
		};
		CFC3D6741F26E2FD007B4BD7 /* Release */ = {
			isa = XCBuildConfiguration;
			buildSettings = {
				ASSETCATALOG_COMPILER_APPICON_NAME = AppIcon;
				INFOPLIST_FILE = RunTimeDemo/Info.plist;
				LD_RUNPATH_SEARCH_PATHS = "$(inherited) @executable_path/Frameworks";
				PRODUCT_BUNDLE_IDENTIFIER = com.dream.RunTimeDemo;
				PRODUCT_NAME = "$(TARGET_NAME)";
			};
			name = Release;
		};
		CFC3D6761F26E2FD007B4BD7 /* Debug */ = {
			isa = XCBuildConfiguration;
			buildSettings = {
				BUNDLE_LOADER = "$(TEST_HOST)";
				INFOPLIST_FILE = RunTimeDemoTests/Info.plist;
				LD_RUNPATH_SEARCH_PATHS = "$(inherited) @executable_path/Frameworks @loader_path/Frameworks";
				PRODUCT_BUNDLE_IDENTIFIER = com.dream.RunTimeDemoTests;
				PRODUCT_NAME = "$(TARGET_NAME)";
				TEST_HOST = "$(BUILT_PRODUCTS_DIR)/RunTimeDemo.app/RunTimeDemo";
			};
			name = Debug;
		};
		CFC3D6771F26E2FD007B4BD7 /* Release */ = {
			isa = XCBuildConfiguration;
			buildSettings = {
				BUNDLE_LOADER = "$(TEST_HOST)";
				INFOPLIST_FILE = RunTimeDemoTests/Info.plist;
				LD_RUNPATH_SEARCH_PATHS = "$(inherited) @executable_path/Frameworks @loader_path/Frameworks";
				PRODUCT_BUNDLE_IDENTIFIER = com.dream.RunTimeDemoTests;
				PRODUCT_NAME = "$(TARGET_NAME)";
				TEST_HOST = "$(BUILT_PRODUCTS_DIR)/RunTimeDemo.app/RunTimeDemo";
			};
			name = Release;
		};
		CFC3D6791F26E2FD007B4BD7 /* Debug */ = {
			isa = XCBuildConfiguration;
			buildSettings = {
				INFOPLIST_FILE = RunTimeDemoUITests/Info.plist;
				LD_RUNPATH_SEARCH_PATHS = "$(inherited) @executable_path/Frameworks @loader_path/Frameworks";
				PRODUCT_BUNDLE_IDENTIFIER = com.dream.RunTimeDemoUITests;
				PRODUCT_NAME = "$(TARGET_NAME)";
				TEST_TARGET_NAME = RunTimeDemo;
			};
			name = Debug;
		};
		CFC3D67A1F26E2FD007B4BD7 /* Release */ = {
			isa = XCBuildConfiguration;
			buildSettings = {
				INFOPLIST_FILE = RunTimeDemoUITests/Info.plist;
				LD_RUNPATH_SEARCH_PATHS = "$(inherited) @executable_path/Frameworks @loader_path/Frameworks";
				PRODUCT_BUNDLE_IDENTIFIER = com.dream.RunTimeDemoUITests;
				PRODUCT_NAME = "$(TARGET_NAME)";
				TEST_TARGET_NAME = RunTimeDemo;
			};
			name = Release;
		};
		CFD272DF1F29D60200940AF8 /* Debug */ = {
			isa = XCBuildConfiguration;
			buildSettings = {
				CODE_SIGN_IDENTITY = "-";
				MACOSX_DEPLOYMENT_TARGET = 10.12;
				PRODUCT_NAME = "$(TARGET_NAME)";
				SDKROOT = macosx;
			};
			name = Debug;
		};
		CFD272E01F29D60200940AF8 /* Release */ = {
			isa = XCBuildConfiguration;
			buildSettings = {
				CODE_SIGN_IDENTITY = "-";
				MACOSX_DEPLOYMENT_TARGET = 10.12;
				PRODUCT_NAME = "$(TARGET_NAME)";
				SDKROOT = macosx;
			};
			name = Release;
		};
/* End XCBuildConfiguration section */

/* Begin XCConfigurationList section */
		CFC3D6401F26E2FC007B4BD7 /* Build configuration list for PBXProject "RunTimeDemo" */ = {
			isa = XCConfigurationList;
			buildConfigurations = (
				CFC3D6701F26E2FD007B4BD7 /* Debug */,
				CFC3D6711F26E2FD007B4BD7 /* Release */,
			);
			defaultConfigurationIsVisible = 0;
			defaultConfigurationName = Release;
		};
		CFC3D6721F26E2FD007B4BD7 /* Build configuration list for PBXNativeTarget "RunTimeDemo" */ = {
			isa = XCConfigurationList;
			buildConfigurations = (
				CFC3D6731F26E2FD007B4BD7 /* Debug */,
				CFC3D6741F26E2FD007B4BD7 /* Release */,
			);
			defaultConfigurationIsVisible = 0;
			defaultConfigurationName = Release;
		};
		CFC3D6751F26E2FD007B4BD7 /* Build configuration list for PBXNativeTarget "RunTimeDemoTests" */ = {
			isa = XCConfigurationList;
			buildConfigurations = (
				CFC3D6761F26E2FD007B4BD7 /* Debug */,
				CFC3D6771F26E2FD007B4BD7 /* Release */,
			);
			defaultConfigurationIsVisible = 0;
			defaultConfigurationName = Release;
		};
		CFC3D6781F26E2FD007B4BD7 /* Build configuration list for PBXNativeTarget "RunTimeDemoUITests" */ = {
			isa = XCConfigurationList;
			buildConfigurations = (
				CFC3D6791F26E2FD007B4BD7 /* Debug */,
				CFC3D67A1F26E2FD007B4BD7 /* Release */,
			);
			defaultConfigurationIsVisible = 0;
			defaultConfigurationName = Release;
		};
		CFD272E11F29D60200940AF8 /* Build configuration list for PBXNativeTarget "SimpleRunTimeTest" */ = {
			isa = XCConfigurationList;
			buildConfigurations = (
				CFD272DF1F29D60200940AF8 /* Debug */,
				CFD272E01F29D60200940AF8 /* Release */,
			);
			defaultConfigurationIsVisible = 0;
		};
/* End XCConfigurationList section */
	};
	rootObject = CFC3D63D1F26E2FC007B4BD7 /* Project object */;
}
